
Microsoft Visual Studio Solution File, Format Version 12.00
# Visual Studio Version 16
VisualStudioVersion = 16.0.30621.155
MinimumVisualStudioVersion = 10.0.40219.1
Project("{8BC9CEB8-8B4A-11D0-8D11-00A0C91BC942}") = "10.2", "10.2\10.2.vcxproj", "{9FDEB704-ECB2-4EE9-8BE4-2AA88BFFEA6B}"
EndProject
Project("{8BC9CEB8-8B4A-11D0-8D11-00A0C91BC942}") = "10.2.test", "10.2.test\10.2.test.vcxproj", "{4EFF2678-0A1D-47F0-961E-B8CDBF3D4300}"
EndProject
Global
	GlobalSection(SolutionConfigurationPlatforms) = preSolution
		Debug|x64 = Debug|x64
		Debug|x86 = Debug|x86
		Release|x64 = Release|x64
		Release|x86 = Release|x86
	EndGlobalSection
	GlobalSection(ProjectConfigurationPlatforms) = postSolution
		{9FDEB704-ECB2-4EE9-8BE4-2AA88BFFEA6B}.Debug|x64.ActiveCfg = Debug|x64
		{9FDEB704-ECB2-4EE9-8BE4-2AA88BFFEA6B}.Debug|x64.Build.0 = Debug|x64
		{9FDEB704-ECB2-4EE9-8BE4-2AA88BFFEA6B}.Debug|x86.ActiveCfg = Debug|Win32
		{9FDEB704-ECB2-4EE9-8BE4-2AA88BFFEA6B}.Debug|x86.Build.0 = Debug|Win32
		{9FDEB704-ECB2-4EE9-8BE4-2AA88BFFEA6B}.Release|x64.ActiveCfg = Release|x64
		{9FDEB704-ECB2-4EE9-8BE4-2AA88BFFEA6B}.Release|x64.Build.0 = Release|x64
		{9FDEB704-ECB2-4EE9-8BE4-2AA88BFFEA6B}.Release|x86.ActiveCfg = Release|Win32
		{9FDEB704-ECB2-4EE9-8BE4-2AA88BFFEA6B}.Release|x86.Build.0 = Release|Win32
		{4EFF2678-0A1D-47F0-961E-B8CDBF3D4300}.Debug|x64.ActiveCfg = Debug|x64
		{4EFF2678-0A1D-47F0-961E-B8CDBF3D4300}.Debug|x64.Build.0 = Debug|x64
		{4EFF2678-0A1D-47F0-961E-B8CDBF3D4300}.Debug|x86.ActiveCfg = Debug|Win32
		{4EFF2678-0A1D-47F0-961E-B8CDBF3D4300}.Debug|x86.Build.0 = Debug|Win32
		{4EFF2678-0A1D-47F0-961E-B8CDBF3D4300}.Release|x64.ActiveCfg = Release|x64
		{4EFF2678-0A1D-47F0-961E-B8CDBF3D4300}.Release|x64.Build.0 = Release|x64
		{4EFF2678-0A1D-47F0-961E-B8CDBF3D4300}.Release|x86.ActiveCfg = Release|Win32
		{4EFF2678-0A1D-47F0-961E-B8CDBF3D4300}.Release|x86.Build.0 = Release|Win32
	EndGlobalSection
	GlobalSection(SolutionProperties) = preSolution
		HideSolutionNode = FALSE
	EndGlobalSection
	GlobalSection(ExtensibilityGlobals) = postSolution
		SolutionGuid = {7226972E-7109-4069-8FEA-AB2B7208B104}
	EndGlobalSection
EndGlobal
