
Microsoft Visual Studio Solution File, Format Version 12.00
# Visual Studio Version 16
VisualStudioVersion = 16.0.30621.155
MinimumVisualStudioVersion = 10.0.40219.1
Project("{8BC9CEB8-8B4A-11D0-8D11-00A0C91BC942}") = "10.1.С++", "10.1.С++\10.1.С++.vcxproj", "{DFF387FA-7C42-4A21-9CB6-451DA644FB64}"
EndProject
Project("{8BC9CEB8-8B4A-11D0-8D11-00A0C91BC942}") = "10.1.С++test", "10.1.С++test\10.1.С++test.vcxproj", "{9289364A-5BEE-4F7C-8873-C91D3AB3A803}"
EndProject
Global
	GlobalSection(SolutionConfigurationPlatforms) = preSolution
		Debug|x64 = Debug|x64
		Debug|x86 = Debug|x86
		Release|x64 = Release|x64
		Release|x86 = Release|x86
	EndGlobalSection
	GlobalSection(ProjectConfigurationPlatforms) = postSolution
		{DFF387FA-7C42-4A21-9CB6-451DA644FB64}.Debug|x64.ActiveCfg = Debug|x64
		{DFF387FA-7C42-4A21-9CB6-451DA644FB64}.Debug|x64.Build.0 = Debug|x64
		{DFF387FA-7C42-4A21-9CB6-451DA644FB64}.Debug|x86.ActiveCfg = Debug|Win32
		{DFF387FA-7C42-4A21-9CB6-451DA644FB64}.Debug|x86.Build.0 = Debug|Win32
		{DFF387FA-7C42-4A21-9CB6-451DA644FB64}.Release|x64.ActiveCfg = Release|x64
		{DFF387FA-7C42-4A21-9CB6-451DA644FB64}.Release|x64.Build.0 = Release|x64
		{DFF387FA-7C42-4A21-9CB6-451DA644FB64}.Release|x86.ActiveCfg = Release|Win32
		{DFF387FA-7C42-4A21-9CB6-451DA644FB64}.Release|x86.Build.0 = Release|Win32
		{9289364A-5BEE-4F7C-8873-C91D3AB3A803}.Debug|x64.ActiveCfg = Debug|x64
		{9289364A-5BEE-4F7C-8873-C91D3AB3A803}.Debug|x64.Build.0 = Debug|x64
		{9289364A-5BEE-4F7C-8873-C91D3AB3A803}.Debug|x86.ActiveCfg = Debug|Win32
		{9289364A-5BEE-4F7C-8873-C91D3AB3A803}.Debug|x86.Build.0 = Debug|Win32
		{9289364A-5BEE-4F7C-8873-C91D3AB3A803}.Release|x64.ActiveCfg = Release|x64
		{9289364A-5BEE-4F7C-8873-C91D3AB3A803}.Release|x64.Build.0 = Release|x64
		{9289364A-5BEE-4F7C-8873-C91D3AB3A803}.Release|x86.ActiveCfg = Release|Win32
		{9289364A-5BEE-4F7C-8873-C91D3AB3A803}.Release|x86.Build.0 = Release|Win32
	EndGlobalSection
	GlobalSection(SolutionProperties) = preSolution
		HideSolutionNode = FALSE
	EndGlobalSection
	GlobalSection(ExtensibilityGlobals) = postSolution
		SolutionGuid = {60731417-14D7-44E2-B901-6F0BBB351D1F}
	EndGlobalSection
EndGlobal
